<Solution>
  <Folder Name="/samples/">
    <Project Path="samples/LeakyApi/LeakyApi.csproj" />
  </Folder>
  <Folder Name="/src/">
    <Project Path="src/DotNet.MemoryFlightRecorder/DotNet.MemoryFlightRecorder.csproj" />
  </Folder>
  <Folder Name="/tests/">
    <Project Path="tests/DotNet.MemoryFlightRecorder.Tests/DotNet.MemoryFlightRecorder.Tests.csproj" />
  </Folder>
</Solution>
