<Solution>
  <Folder Name="/samples/">
    <Project Path="samples/LeakyApi/LeakyApi.csproj" />
  </Folder>
  <Folder Name="/src/">
    <Project Path="src/A2G.MemoryFlightRecorder/A2G.MemoryFlightRecorder.csproj" />
  </Folder>
  <Folder Name="/tests/">
    <Project Path="tests/A2G.MemoryFlightRecorder.Tests/A2G.MemoryFlightRecorder.Tests.csproj" />
  </Folder>
</Solution>
